// !$*UTF8*$!
{
	archiveVersion = 1;
	classes = {
	};
	objectVersion = 50;
	objects = {

/* Begin PBXBuildFile section */
		973E21A1236436B400EE10C0 /* AppDelegate.m in Sources */ = {isa = PBXBuildFile; fileRef = 973E21A0236436B400EE10C0 /* AppDelegate.m */; };
		973E21A4236436B400EE10C0 /* SceneDelegate.m in Sources */ = {isa = PBXBuildFile; fileRef = 973E21A3236436B400EE10C0 /* SceneDelegate.m */; };
		973E21A7236436B400EE10C0 /* ViewController.m in Sources */ = {isa = PBXBuildFile; fileRef = 973E21A6236436B400EE10C0 /* ViewController.m */; };
		973E21AA236436B400EE10C0 /* Main.storyboard in Resources */ = {isa = PBXBuildFile; fileRef = 973E21A8236436B400EE10C0 /* Main.storyboard */; };
		973E21AC236436B900EE10C0 /* Assets.xcassets in Resources */ = {isa = PBXBuildFile; fileRef = 973E21AB236436B900EE10C0 /* Assets.xcassets */; };
		973E21AF236436B900EE10C0 /* LaunchScreen.storyboard in Resources */ = {isa = PBXBuildFile; fileRef = 973E21AD236436B900EE10C0 /* LaunchScreen.storyboard */; };
		973E21B2236436B900EE10C0 /* main.m in Sources */ = {isa = PBXBuildFile; fileRef = 973E21B1236436B900EE10C0 /* main.m */; };
		973E21BD236437B700EE10C0 /* VMNHuman.m in Sources */ = {isa = PBXBuildFile; fileRef = 973E21BC236437B700EE10C0 /* VMNHuman.m */; };
		973E21C1236455C200EE10C0 /* Auto.m in Sources */ = {isa = PBXBuildFile; fileRef = 973E21C0236455C200EE10C0 /* Auto.m */; };
		973E21C62364590000EE10C0 /* Service.m in Sources */ = {isa = PBXBuildFile; fileRef = 973E21C52364590000EE10C0 /* Service.m */; };
/* End PBXBuildFile section */

/* Begin PBXFileReference section */
		973E219C236436B400EE10C0 /* sber2.app */ = {isa = PBXFileReference; explicitFileType = wrapper.application; includeInIndex = 0; path = sber2.app; sourceTree = BUILT_PRODUCTS_DIR; };
		973E219F236436B400EE10C0 /* AppDelegate.h */ = {isa = PBXFileReference; lastKnownFileType = sourcecode.c.h; path = AppDelegate.h; sourceTree = "<group>"; };
		973E21A0236436B400EE10C0 /* AppDelegate.m */ = {isa = PBXFileReference; lastKnownFileType = sourcecode.c.objc; path = AppDelegate.m; sourceTree = "<group>"; };
		973E21A2236436B400EE10C0 /* SceneDelegate.h */ = {isa = PBXFileReference; lastKnownFileType = sourcecode.c.h; path = SceneDelegate.h; sourceTree = "<group>"; };
		973E21A3236436B400EE10C0 /* SceneDelegate.m */ = {isa = PBXFileReference; lastKnownFileType = sourcecode.c.objc; path = SceneDelegate.m; sourceTree = "<group>"; };
		973E21A5236436B400EE10C0 /* ViewController.h */ = {isa = PBXFileReference; lastKnownFileType = sourcecode.c.h; path = ViewController.h; sourceTree = "<group>"; };
		973E21A6236436B400EE10C0 /* ViewController.m */ = {isa = PBXFileReference; lastKnownFileType = sourcecode.c.objc; path = ViewController.m; sourceTree = "<group>"; };
		973E21A9236436B400EE10C0 /* Base */ = {isa = PBXFileReference; lastKnownFileType = file.storyboard; name = Base; path = Base.lproj/Main.storyboard; sourceTree = "<group>"; };
		973E21AB236436B900EE10C0 /* Assets.xcassets */ = {isa = PBXFileReference; lastKnownFileType = folder.assetcatalog; path = Assets.xcassets; sourceTree = "<group>"; };
		973E21AE236436B900EE10C0 /* Base */ = {isa = PBXFileReference; lastKnownFileType = file.storyboard; name = Base; path = Base.lproj/LaunchScreen.storyboard; sourceTree = "<group>"; };
		973E21B0236436B900EE10C0 /* Info.plist */ = {isa = PBXFileReference; lastKnownFileType = text.plist.xml; path = Info.plist; sourceTree = "<group>"; };
		973E21B1236436B900EE10C0 /* main.m */ = {isa = PBXFileReference; lastKnownFileType = sourcecode.c.objc; path = main.m; sourceTree = "<group>"; };
		973E21BB236437B700EE10C0 /* VMNHuman.h */ = {isa = PBXFileReference; lastKnownFileType = sourcecode.c.h; path = VMNHuman.h; sourceTree = "<group>"; };
		973E21BC236437B700EE10C0 /* VMNHuman.m */ = {isa = PBXFileReference; lastKnownFileType = sourcecode.c.objc; path = VMNHuman.m; sourceTree = "<group>"; };
		973E21BE236451F100EE10C0 /* HumanProtocol.h */ = {isa = PBXFileReference; lastKnownFileType = sourcecode.c.h; path = HumanProtocol.h; sourceTree = "<group>"; };
		973E21BF236455C200EE10C0 /* Auto.h */ = {isa = PBXFileReference; lastKnownFileType = sourcecode.c.h; path = Auto.h; sourceTree = "<group>"; };
		973E21C0236455C200EE10C0 /* Auto.m */ = {isa = PBXFileReference; lastKnownFileType = sourcecode.c.objc; path = Auto.m; sourceTree = "<group>"; };
		973E21C42364590000EE10C0 /* Service.h */ = {isa = PBXFileReference; lastKnownFileType = sourcecode.c.h; path = Service.h; sourceTree = "<group>"; };
		973E21C52364590000EE10C0 /* Service.m */ = {isa = PBXFileReference; lastKnownFileType = sourcecode.c.objc; path = Service.m; sourceTree = "<group>"; };
/* End PBXFileReference section */

/* Begin PBXFrameworksBuildPhase section */
		973E2199236436B400EE10C0 /* Frameworks */ = {
			isa = PBXFrameworksBuildPhase;
			buildActionMask = 2147483647;
			files = (
			);
			runOnlyForDeploymentPostprocessing = 0;
		};
/* End PBXFrameworksBuildPhase section */

/* Begin PBXGroup section */
		973E2193236436B400EE10C0 = {
			isa = PBXGroup;
			children = (
				973E219E236436B400EE10C0 /* sber2 */,
				973E219D236436B400EE10C0 /* Products */,
			);
			sourceTree = "<group>";
		};
		973E219D236436B400EE10C0 /* Products */ = {
			isa = PBXGroup;
			children = (
				973E219C236436B400EE10C0 /* sber2.app */,
			);
			name = Products;
			sourceTree = "<group>";
		};
		973E219E236436B400EE10C0 /* sber2 */ = {
			isa = PBXGroup;
			children = (
				973E21BF236455C200EE10C0 /* Auto.h */,
				973E21C0236455C200EE10C0 /* Auto.m */,
				973E21C42364590000EE10C0 /* Service.h */,
				973E21C52364590000EE10C0 /* Service.m */,
				973E21BB236437B700EE10C0 /* VMNHuman.h */,
				973E21BC236437B700EE10C0 /* VMNHuman.m */,
				973E219F236436B400EE10C0 /* AppDelegate.h */,
				973E21A0236436B400EE10C0 /* AppDelegate.m */,
				973E21BE236451F100EE10C0 /* HumanProtocol.h */,
				973E21A2236436B400EE10C0 /* SceneDelegate.h */,
				973E21A3236436B400EE10C0 /* SceneDelegate.m */,
				973E21A5236436B400EE10C0 /* ViewController.h */,
				973E21A6236436B400EE10C0 /* ViewController.m */,
				973E21A8236436B400EE10C0 /* Main.storyboard */,
				973E21AB236436B900EE10C0 /* Assets.xcassets */,
				973E21AD236436B900EE10C0 /* LaunchScreen.storyboard */,
				973E21B0236436B900EE10C0 /* Info.plist */,
				973E21B1236436B900EE10C0 /* main.m */,
			);
			path = sber2;
			sourceTree = "<group>";
		};
/* End PBXGroup section */

/* Begin PBXNativeTarget section */
		973E219B236436B400EE10C0 /* sber2 */ = {
			isa = PBXNativeTarget;
			buildConfigurationList = 973E21B5236436B900EE10C0 /* Build configuration list for PBXNativeTarget "sber2" */;
			buildPhases = (
				973E2198236436B400EE10C0 /* Sources */,
				973E2199236436B400EE10C0 /* Frameworks */,
				973E219A236436B400EE10C0 /* Resources */,
			);
			buildRules = (
			);
			dependencies = (
			);
			name = sber2;
			productName = sber2;
			productReference = 973E219C236436B400EE10C0 /* sber2.app */;
			productType = "com.apple.product-type.application";
		};
/* End PBXNativeTarget section */

/* Begin PBXProject section */
		973E2194236436B400EE10C0 /* Project object */ = {
			isa = PBXProject;
			attributes = {
				LastUpgradeCheck = 1100;
				ORGANIZATIONNAME = "Максим Вильданов";
				TargetAttributes = {
					973E219B236436B400EE10C0 = {
						CreatedOnToolsVersion = 11.0;
					};
				};
			};
			buildConfigurationList = 973E2197236436B400EE10C0 /* Build configuration list for PBXProject "sber2" */;
			compatibilityVersion = "Xcode 9.3";
			developmentRegion = en;
			hasScannedForEncodings = 0;
			knownRegions = (
				en,
				Base,
			);
			mainGroup = 973E2193236436B400EE10C0;
			productRefGroup = 973E219D236436B400EE10C0 /* Products */;
			projectDirPath = "";
			projectRoot = "";
			targets = (
				973E219B236436B400EE10C0 /* sber2 */,
			);
		};
/* End PBXProject section */

/* Begin PBXResourcesBuildPhase section */
		973E219A236436B400EE10C0 /* Resources */ = {
			isa = PBXResourcesBuildPhase;
			buildActionMask = 2147483647;
			files = (
				973E21AF236436B900EE10C0 /* LaunchScreen.storyboard in Resources */,
				973E21AC236436B900EE10C0 /* Assets.xcassets in Resources */,
				973E21AA236436B400EE10C0 /* Main.storyboard in Resources */,
			);
			runOnlyForDeploymentPostprocessing = 0;
		};
/* End PBXResourcesBuildPhase section */

/* Begin PBXSourcesBuildPhase section */
		973E2198236436B400EE10C0 /* Sources */ = {
			isa = PBXSourcesBuildPhase;
			buildActionMask = 2147483647;
			files = (
				973E21A7236436B400EE10C0 /* ViewController.m in Sources */,
				973E21BD236437B700EE10C0 /* VMNHuman.m in Sources */,
				973E21A1236436B400EE10C0 /* AppDelegate.m in Sources */,
				973E21B2236436B900EE10C0 /* main.m in Sources */,
				973E21C1236455C200EE10C0 /* Auto.m in Sources */,
				973E21C62364590000EE10C0 /* Service.m in Sources */,
				973E21A4236436B400EE10C0 /* SceneDelegate.m in Sources */,
			);
			runOnlyForDeploymentPostprocessing = 0;
		};
/* End PBXSourcesBuildPhase section */

/* Begin PBXVariantGroup section */
		973E21A8236436B400EE10C0 /* Main.storyboard */ = {
			isa = PBXVariantGroup;
			children = (
				973E21A9236436B400EE10C0 /* Base */,
			);
			name = Main.storyboard;
			sourceTree = "<group>";
		};
		973E21AD236436B900EE10C0 /* LaunchScreen.storyboard */ = {
			isa = PBXVariantGroup;
			children = (
				973E21AE236436B900EE10C0 /* Base */,
			);
			name = LaunchScreen.storyboard;
			sourceTree = "<group>";
		};
/* End PBXVariantGroup section */

/* Begin XCBuildConfiguration section */
		973E21B3236436B900EE10C0 /* Debug */ = {
			isa = XCBuildConfiguration;
			buildSettings = {
				ALWAYS_SEARCH_USER_PATHS = NO;
				CLANG_ANALYZER_NONNULL = YES;
				CLANG_ANALYZER_NUMBER_OBJECT_CONVERSION = YES_AGGRESSIVE;
				CLANG_CXX_LANGUAGE_STANDARD = "gnu++14";
				CLANG_CXX_LIBRARY = "libc++";
				CLANG_ENABLE_MODULES = YES;
				CLANG_ENABLE_OBJC_ARC = YES;
				CLANG_ENABLE_OBJC_WEAK = YES;
				CLANG_WARN_BLOCK_CAPTURE_AUTORELEASING = YES;
				CLANG_WARN_BOOL_CONVERSION = YES;
				CLANG_WARN_COMMA = YES;
				CLANG_WARN_CONSTANT_CONVERSION = YES;
				CLANG_WARN_DEPRECATED_OBJC_IMPLEMENTATIONS = YES;
				CLANG_WARN_DIRECT_OBJC_ISA_USAGE = YES_ERROR;
				CLANG_WARN_DOCUMENTATION_COMMENTS = YES;
				CLANG_WARN_EMPTY_BODY = YES;
				CLANG_WARN_ENUM_CONVERSION = YES;
				CLANG_WARN_INFINITE_RECURSION = YES;
				CLANG_WARN_INT_CONVERSION = YES;
				CLANG_WARN_NON_LITERAL_NULL_CONVERSION = YES;
				CLANG_WARN_OBJC_IMPLICIT_RETAIN_SELF = YES;
				CLANG_WARN_OBJC_LITERAL_CONVERSION = YES;
				CLANG_WARN_OBJC_ROOT_CLASS = YES_ERROR;
				CLANG_WARN_RANGE_LOOP_ANALYSIS = YES;
				CLANG_WARN_STRICT_PROTOTYPES = YES;
				CLANG_WARN_SUSPICIOUS_MOVE = YES;
				CLANG_WARN_UNGUARDED_AVAILABILITY = YES_AGGRESSIVE;
				CLANG_WARN_UNREACHABLE_CODE = YES;
				CLANG_WARN__DUPLICATE_METHOD_MATCH = YES;
				COPY_PHASE_STRIP = NO;
				DEBUG_INFORMATION_FORMAT = dwarf;
				ENABLE_STRICT_OBJC_MSGSEND = YES;
				ENABLE_TESTABILITY = YES;
				GCC_C_LANGUAGE_STANDARD = gnu11;
				GCC_DYNAMIC_NO_PIC = NO;
				GCC_NO_COMMON_BLOCKS = YES;
				GCC_OPTIMIZATION_LEVEL = 0;
				GCC_PREPROCESSOR_DEFINITIONS = (
					"DEBUG=1",
					"$(inherited)",
				);
				GCC_WARN_64_TO_32_BIT_CONVERSION = YES;
				GCC_WARN_ABOUT_RETURN_TYPE = YES_ERROR;
				GCC_WARN_UNDECLARED_SELECTOR = YES;
				GCC_WARN_UNINITIALIZED_AUTOS = YES_AGGRESSIVE;
				GCC_WARN_UNUSED_FUNCTION = YES;
				GCC_WARN_UNUSED_VARIABLE = YES;
				IPHONEOS_DEPLOYMENT_TARGET = 13.0;
				MTL_ENABLE_DEBUG_INFO = INCLUDE_SOURCE;
				MTL_FAST_MATH = YES;
				ONLY_ACTIVE_ARCH = YES;
				SDKROOT = iphoneos;
			};
			name = Debug;
		};
		973E21B4236436B900EE10C0 /* Release */ = {
			isa = XCBuildConfiguration;
			buildSettings = {
				ALWAYS_SEARCH_USER_PATHS = NO;
				CLANG_ANALYZER_NONNULL = YES;
				CLANG_ANALYZER_NUMBER_OBJECT_CONVERSION = YES_AGGRESSIVE;
				CLANG_CXX_LANGUAGE_STANDARD = "gnu++14";
				CLANG_CXX_LIBRARY = "libc++";
				CLANG_ENABLE_MODULES = YES;
				CLANG_ENABLE_OBJC_ARC = YES;
				CLANG_ENABLE_OBJC_WEAK = YES;
				CLANG_WARN_BLOCK_CAPTURE_AUTORELEASING = YES;
				CLANG_WARN_BOOL_CONVERSION = YES;
				CLANG_WARN_COMMA = YES;
				CLANG_WARN_CONSTANT_CONVERSION = YES;
				CLANG_WARN_DEPRECATED_OBJC_IMPLEMENTATIONS = YES;
				CLANG_WARN_DIRECT_OBJC_ISA_USAGE = YES_ERROR;
				CLANG_WARN_DOCUMENTATION_COMMENTS = YES;
				CLANG_WARN_EMPTY_BODY = YES;
				CLANG_WARN_ENUM_CONVERSION = YES;
				CLANG_WARN_INFINITE_RECURSION = YES;
				CLANG_WARN_INT_CONVERSION = YES;
				CLANG_WARN_NON_LITERAL_NULL_CONVERSION = YES;
				CLANG_WARN_OBJC_IMPLICIT_RETAIN_SELF = YES;
				CLANG_WARN_OBJC_LITERAL_CONVERSION = YES;
				CLANG_WARN_OBJC_ROOT_CLASS = YES_ERROR;
				CLANG_WARN_RANGE_LOOP_ANALYSIS = YES;
				CLANG_WARN_STRICT_PROTOTYPES = YES;
				CLANG_WARN_SUSPICIOUS_MOVE = YES;
				CLANG_WARN_UNGUARDED_AVAILABILITY = YES_AGGRESSIVE;
				CLANG_WARN_UNREACHABLE_CODE = YES;
				CLANG_WARN__DUPLICATE_METHOD_MATCH = YES;
				COPY_PHASE_STRIP = NO;
				DEBUG_INFORMATION_FORMAT = "dwarf-with-dsym";
				ENABLE_NS_ASSERTIONS = NO;
				ENABLE_STRICT_OBJC_MSGSEND = YES;
				GCC_C_LANGUAGE_STANDARD = gnu11;
				GCC_NO_COMMON_BLOCKS = YES;
				GCC_WARN_64_TO_32_BIT_CONVERSION = YES;
				GCC_WARN_ABOUT_RETURN_TYPE = YES_ERROR;
				GCC_WARN_UNDECLARED_SELECTOR = YES;
				GCC_WARN_UNINITIALIZED_AUTOS = YES_AGGRESSIVE;
				GCC_WARN_UNUSED_FUNCTION = YES;
				GCC_WARN_UNUSED_VARIABLE = YES;
				IPHONEOS_DEPLOYMENT_TARGET = 13.0;
				MTL_ENABLE_DEBUG_INFO = NO;
				MTL_FAST_MATH = YES;
				SDKROOT = iphoneos;
				VALIDATE_PRODUCT = YES;
			};
			name = Release;
		};
		973E21B6236436B900EE10C0 /* Debug */ = {
			isa = XCBuildConfiguration;
			buildSettings = {
				ASSETCATALOG_COMPILER_APPICON_NAME = AppIcon;
				CODE_SIGN_STYLE = Automatic;
				DEVELOPMENT_TEAM = 7BCN3D7ZLJ;
				INFOPLIST_FILE = sber2/Info.plist;
				LD_RUNPATH_SEARCH_PATHS = (
					"$(inherited)",
					"@executable_path/Frameworks",
				);
				PRODUCT_BUNDLE_IDENTIFIER = "-.sber2";
				PRODUCT_NAME = "$(TARGET_NAME)";
				TARGETED_DEVICE_FAMILY = "1,2";
			};
			name = Debug;
		};
		973E21B7236436B900EE10C0 /* Release */ = {
			isa = XCBuildConfiguration;
			buildSettings = {
				ASSETCATALOG_COMPILER_APPICON_NAME = AppIcon;
				CODE_SIGN_STYLE = Automatic;
				DEVELOPMENT_TEAM = 7BCN3D7ZLJ;
				INFOPLIST_FILE = sber2/Info.plist;
				LD_RUNPATH_SEARCH_PATHS = (
					"$(inherited)",
					"@executable_path/Frameworks",
				);
				PRODUCT_BUNDLE_IDENTIFIER = "-.sber2";
				PRODUCT_NAME = "$(TARGET_NAME)";
				TARGETED_DEVICE_FAMILY = "1,2";
			};
			name = Release;
		};
/* End XCBuildConfiguration section */

/* Begin XCConfigurationList section */
		973E2197236436B400EE10C0 /* Build configuration list for PBXProject "sber2" */ = {
			isa = XCConfigurationList;
			buildConfigurations = (
				973E21B3236436B900EE10C0 /* Debug */,
				973E21B4236436B900EE10C0 /* Release */,
			);
			defaultConfigurationIsVisible = 0;
			defaultConfigurationName = Release;
		};
		973E21B5236436B900EE10C0 /* Build configuration list for PBXNativeTarget "sber2" */ = {
			isa = XCConfigurationList;
			buildConfigurations = (
				973E21B6236436B900EE10C0 /* Debug */,
				973E21B7236436B900EE10C0 /* Release */,
			);
			defaultConfigurationIsVisible = 0;
			defaultConfigurationName = Release;
		};
/* End XCConfigurationList section */
	};
	rootObject = 973E2194236436B400EE10C0 /* Project object */;
}
